
Microsoft Visual Studio Solution File, Format Version 12.00
# Visual Studio Version 17
VisualStudioVersion = 17.3.32922.545
MinimumVisualStudioVersion = 10.0.40219.1
Project("{9A19103F-16F7-4668-BE54-9A1E7A4F7556}") = "AtividadeSA3Console", "PrimeiroProjetoConsole\AtividadeSA3Console.csproj", "{96BB8989-8DBE-4676-BC4A-7B114F44ADD4}"
EndProject
Global
	GlobalSection(SolutionConfigurationPlatforms) = preSolution
		Debug|Any CPU = Debug|Any CPU
		Release|Any CPU = Release|Any CPU
	EndGlobalSection
	GlobalSection(ProjectConfigurationPlatforms) = postSolution
		{96BB8989-8DBE-4676-BC4A-7B114F44ADD4}.Debug|Any CPU.ActiveCfg = Debug|Any CPU
		{96BB8989-8DBE-4676-BC4A-7B114F44ADD4}.Debug|Any CPU.Build.0 = Debug|Any CPU
		{96BB8989-8DBE-4676-BC4A-7B114F44ADD4}.Release|Any CPU.ActiveCfg = Release|Any CPU
		{96BB8989-8DBE-4676-BC4A-7B114F44ADD4}.Release|Any CPU.Build.0 = Release|Any CPU
	EndGlobalSection
	GlobalSection(SolutionProperties) = preSolution
		HideSolutionNode = FALSE
	EndGlobalSection
	GlobalSection(ExtensibilityGlobals) = postSolution
		SolutionGuid = {73F06435-CC48-400C-8742-F1A47FB35784}
	EndGlobalSection
EndGlobal
